// !$*UTF8*$!
{
	archiveVersion = 1;
	classes = {
	};
	objectVersion = 46;
	objects = {

/* Begin PBXBuildFile section */
		274FC8411E669E2200286B03 /* main.m in Sources */ = {isa = PBXBuildFile; fileRef = 274FC8401E669E2200286B03 /* main.m */; };
		274FC8441E669E2200286B03 /* AppDelegate.m in Sources */ = {isa = PBXBuildFile; fileRef = 274FC8431E669E2200286B03 /* AppDelegate.m */; };
		274FC84A1E669E2200286B03 /* Main.storyboard in Resources */ = {isa = PBXBuildFile; fileRef = 274FC8481E669E2200286B03 /* Main.storyboard */; };
		274FC84C1E669E2200286B03 /* Assets.xcassets in Resources */ = {isa = PBXBuildFile; fileRef = 274FC84B1E669E2200286B03 /* Assets.xcassets */; };
		274FC84F1E669E2200286B03 /* LaunchScreen.storyboard in Resources */ = {isa = PBXBuildFile; fileRef = 274FC84D1E669E2200286B03 /* LaunchScreen.storyboard */; };
		274FC85A1E669E2200286B03 /* PhotoBeautifyTests.m in Sources */ = {isa = PBXBuildFile; fileRef = 274FC8591E669E2200286B03 /* PhotoBeautifyTests.m */; };
		274FC8651E669E2200286B03 /* PhotoBeautifyUITests.m in Sources */ = {isa = PBXBuildFile; fileRef = 274FC8641E669E2200286B03 /* PhotoBeautifyUITests.m */; };
		274FC8771E66A95200286B03 /* EntranceViewController.m in Sources */ = {isa = PBXBuildFile; fileRef = 274FC8761E66A95200286B03 /* EntranceViewController.m */; };
		274FC87B1E66A9E300286B03 /* PBIconButton.m in Sources */ = {isa = PBXBuildFile; fileRef = 274FC87A1E66A9E300286B03 /* PBIconButton.m */; };
		274FC87E1E67E45100286B03 /* EditPhotoViewController.m in Sources */ = {isa = PBXBuildFile; fileRef = 274FC87D1E67E45100286B03 /* EditPhotoViewController.m */; };
		274FC8841E6A9F0C00286B03 /* EditPhotoToolBarItem.m in Sources */ = {isa = PBXBuildFile; fileRef = 274FC8831E6A9F0B00286B03 /* EditPhotoToolBarItem.m */; };
		27938FB01E6EDF8A0039868B /* FilterPickerViewController.m in Sources */ = {isa = PBXBuildFile; fileRef = 27938FAF1E6EDF8A0039868B /* FilterPickerViewController.m */; };
		27938FB51E71596F0039868B /* BubblePickerViewController.m in Sources */ = {isa = PBXBuildFile; fileRef = 27938FB41E71596F0039868B /* BubblePickerViewController.m */; };
		27938FB81E7159810039868B /* StickerPickerViewController.m in Sources */ = {isa = PBXBuildFile; fileRef = 27938FB71E7159810039868B /* StickerPickerViewController.m */; };
		27938FBC1E7241650039868B /* UIImage+AddAsset.m in Sources */ = {isa = PBXBuildFile; fileRef = 27938FBB1E7241650039868B /* UIImage+AddAsset.m */; };
		57570E9FD9DF6C5C3679B01B /* libPods.a in Frameworks */ = {isa = PBXBuildFile; fileRef = 82012913C0722EC90E194210 /* libPods.a */; };
/* End PBXBuildFile section */

/* Begin PBXContainerItemProxy section */
		274FC8561E669E2200286B03 /* PBXContainerItemProxy */ = {
			isa = PBXContainerItemProxy;
			containerPortal = 274FC8341E669E2200286B03 /* Project object */;
			proxyType = 1;
			remoteGlobalIDString = 274FC83B1E669E2200286B03;
			remoteInfo = PhotoBeautify;
		};
		274FC8611E669E2200286B03 /* PBXContainerItemProxy */ = {
			isa = PBXContainerItemProxy;
			containerPortal = 274FC8341E669E2200286B03 /* Project object */;
			proxyType = 1;
			remoteGlobalIDString = 274FC83B1E669E2200286B03;
			remoteInfo = PhotoBeautify;
		};
/* End PBXContainerItemProxy section */

/* Begin PBXFileReference section */
		274FC83C1E669E2200286B03 /* PhotoBeautify.app */ = {isa = PBXFileReference; explicitFileType = wrapper.application; includeInIndex = 0; path = PhotoBeautify.app; sourceTree = BUILT_PRODUCTS_DIR; };
		274FC8401E669E2200286B03 /* main.m */ = {isa = PBXFileReference; lastKnownFileType = sourcecode.c.objc; path = main.m; sourceTree = "<group>"; };
		274FC8421E669E2200286B03 /* AppDelegate.h */ = {isa = PBXFileReference; lastKnownFileType = sourcecode.c.h; path = AppDelegate.h; sourceTree = "<group>"; };
		274FC8431E669E2200286B03 /* AppDelegate.m */ = {isa = PBXFileReference; lastKnownFileType = sourcecode.c.objc; path = AppDelegate.m; sourceTree = "<group>"; };
		274FC8491E669E2200286B03 /* Base */ = {isa = PBXFileReference; lastKnownFileType = file.storyboard; name = Base; path = Base.lproj/Main.storyboard; sourceTree = "<group>"; };
		274FC84B1E669E2200286B03 /* Assets.xcassets */ = {isa = PBXFileReference; lastKnownFileType = folder.assetcatalog; path = Assets.xcassets; sourceTree = "<group>"; };
		274FC84E1E669E2200286B03 /* Base */ = {isa = PBXFileReference; lastKnownFileType = file.storyboard; name = Base; path = Base.lproj/LaunchScreen.storyboard; sourceTree = "<group>"; };
		274FC8501E669E2200286B03 /* Info.plist */ = {isa = PBXFileReference; lastKnownFileType = text.plist.xml; path = Info.plist; sourceTree = "<group>"; };
		274FC8551E669E2200286B03 /* PhotoBeautifyTests.xctest */ = {isa = PBXFileReference; explicitFileType = wrapper.cfbundle; includeInIndex = 0; path = PhotoBeautifyTests.xctest; sourceTree = BUILT_PRODUCTS_DIR; };
		274FC8591E669E2200286B03 /* PhotoBeautifyTests.m */ = {isa = PBXFileReference; lastKnownFileType = sourcecode.c.objc; path = PhotoBeautifyTests.m; sourceTree = "<group>"; };
		274FC85B1E669E2200286B03 /* Info.plist */ = {isa = PBXFileReference; lastKnownFileType = text.plist.xml; path = Info.plist; sourceTree = "<group>"; };
		274FC8601E669E2200286B03 /* PhotoBeautifyUITests.xctest */ = {isa = PBXFileReference; explicitFileType = wrapper.cfbundle; includeInIndex = 0; path = PhotoBeautifyUITests.xctest; sourceTree = BUILT_PRODUCTS_DIR; };
		274FC8641E669E2200286B03 /* PhotoBeautifyUITests.m */ = {isa = PBXFileReference; lastKnownFileType = sourcecode.c.objc; path = PhotoBeautifyUITests.m; sourceTree = "<group>"; };
		274FC8661E669E2200286B03 /* Info.plist */ = {isa = PBXFileReference; lastKnownFileType = text.plist.xml; path = Info.plist; sourceTree = "<group>"; };
		274FC8751E66A95200286B03 /* EntranceViewController.h */ = {isa = PBXFileReference; fileEncoding = 4; lastKnownFileType = sourcecode.c.h; path = EntranceViewController.h; sourceTree = "<group>"; };
		274FC8761E66A95200286B03 /* EntranceViewController.m */ = {isa = PBXFileReference; fileEncoding = 4; lastKnownFileType = sourcecode.c.objc; path = EntranceViewController.m; sourceTree = "<group>"; };
		274FC8791E66A9E300286B03 /* PBIconButton.h */ = {isa = PBXFileReference; fileEncoding = 4; lastKnownFileType = sourcecode.c.h; path = PBIconButton.h; sourceTree = "<group>"; };
		274FC87A1E66A9E300286B03 /* PBIconButton.m */ = {isa = PBXFileReference; fileEncoding = 4; lastKnownFileType = sourcecode.c.objc; path = PBIconButton.m; sourceTree = "<group>"; };
		274FC87C1E67E45100286B03 /* EditPhotoViewController.h */ = {isa = PBXFileReference; fileEncoding = 4; lastKnownFileType = sourcecode.c.h; path = EditPhotoViewController.h; sourceTree = "<group>"; };
		274FC87D1E67E45100286B03 /* EditPhotoViewController.m */ = {isa = PBXFileReference; fileEncoding = 4; lastKnownFileType = sourcecode.c.objc; path = EditPhotoViewController.m; sourceTree = "<group>"; };
		274FC87F1E6A446000286B03 /* LDDefine.h */ = {isa = PBXFileReference; fileEncoding = 4; lastKnownFileType = sourcecode.c.h; path = LDDefine.h; sourceTree = "<group>"; };
		274FC8821E6A9F0B00286B03 /* EditPhotoToolBarItem.h */ = {isa = PBXFileReference; fileEncoding = 4; lastKnownFileType = sourcecode.c.h; path = EditPhotoToolBarItem.h; sourceTree = "<group>"; };
		274FC8831E6A9F0B00286B03 /* EditPhotoToolBarItem.m */ = {isa = PBXFileReference; fileEncoding = 4; lastKnownFileType = sourcecode.c.objc; path = EditPhotoToolBarItem.m; sourceTree = "<group>"; };
		27938FAE1E6EDF8A0039868B /* FilterPickerViewController.h */ = {isa = PBXFileReference; fileEncoding = 4; lastKnownFileType = sourcecode.c.h; path = FilterPickerViewController.h; sourceTree = "<group>"; };
		27938FAF1E6EDF8A0039868B /* FilterPickerViewController.m */ = {isa = PBXFileReference; fileEncoding = 4; lastKnownFileType = sourcecode.c.objc; path = FilterPickerViewController.m; sourceTree = "<group>"; };
		27938FB31E71596F0039868B /* BubblePickerViewController.h */ = {isa = PBXFileReference; fileEncoding = 4; lastKnownFileType = sourcecode.c.h; path = BubblePickerViewController.h; sourceTree = "<group>"; };
		27938FB41E71596F0039868B /* BubblePickerViewController.m */ = {isa = PBXFileReference; fileEncoding = 4; lastKnownFileType = sourcecode.c.objc; path = BubblePickerViewController.m; sourceTree = "<group>"; };
		27938FB61E7159810039868B /* StickerPickerViewController.h */ = {isa = PBXFileReference; fileEncoding = 4; lastKnownFileType = sourcecode.c.h; path = StickerPickerViewController.h; sourceTree = "<group>"; };
		27938FB71E7159810039868B /* StickerPickerViewController.m */ = {isa = PBXFileReference; fileEncoding = 4; lastKnownFileType = sourcecode.c.objc; path = StickerPickerViewController.m; sourceTree = "<group>"; };
		27938FBA1E7241650039868B /* UIImage+AddAsset.h */ = {isa = PBXFileReference; fileEncoding = 4; lastKnownFileType = sourcecode.c.h; path = "UIImage+AddAsset.h"; sourceTree = "<group>"; };
		27938FBB1E7241650039868B /* UIImage+AddAsset.m */ = {isa = PBXFileReference; fileEncoding = 4; lastKnownFileType = sourcecode.c.objc; path = "UIImage+AddAsset.m"; sourceTree = "<group>"; };
		80B3D8C0C003021DE50F38B6 /* Pods.debug.xcconfig */ = {isa = PBXFileReference; includeInIndex = 1; lastKnownFileType = text.xcconfig; name = Pods.debug.xcconfig; path = "Pods/Target Support Files/Pods/Pods.debug.xcconfig"; sourceTree = "<group>"; };
		82012913C0722EC90E194210 /* libPods.a */ = {isa = PBXFileReference; explicitFileType = archive.ar; includeInIndex = 0; path = libPods.a; sourceTree = BUILT_PRODUCTS_DIR; };
		83DCA5B2DC025419F0321367 /* Pods.release.xcconfig */ = {isa = PBXFileReference; includeInIndex = 1; lastKnownFileType = text.xcconfig; name = Pods.release.xcconfig; path = "Pods/Target Support Files/Pods/Pods.release.xcconfig"; sourceTree = "<group>"; };
/* End PBXFileReference section */

/* Begin PBXFrameworksBuildPhase section */
		274FC8391E669E2200286B03 /* Frameworks */ = {
			isa = PBXFrameworksBuildPhase;
			buildActionMask = 2147483647;
			files = (
				57570E9FD9DF6C5C3679B01B /* libPods.a in Frameworks */,
			);
			runOnlyForDeploymentPostprocessing = 0;
		};
		274FC8521E669E2200286B03 /* Frameworks */ = {
			isa = PBXFrameworksBuildPhase;
			buildActionMask = 2147483647;
			files = (
			);
			runOnlyForDeploymentPostprocessing = 0;
		};
		274FC85D1E669E2200286B03 /* Frameworks */ = {
			isa = PBXFrameworksBuildPhase;
			buildActionMask = 2147483647;
			files = (
			);
			runOnlyForDeploymentPostprocessing = 0;
		};
/* End PBXFrameworksBuildPhase section */

/* Begin PBXGroup section */
		274FC8331E669E2200286B03 = {
			isa = PBXGroup;
			children = (
				274FC83E1E669E2200286B03 /* PhotoBeautify */,
				274FC8581E669E2200286B03 /* PhotoBeautifyTests */,
				274FC8631E669E2200286B03 /* PhotoBeautifyUITests */,
				274FC83D1E669E2200286B03 /* Products */,
				A5AC736345071D986E7C482C /* Pods */,
				CA7283262F2D56A36DC853CD /* Frameworks */,
			);
			sourceTree = "<group>";
		};
		274FC83D1E669E2200286B03 /* Products */ = {
			isa = PBXGroup;
			children = (
				274FC83C1E669E2200286B03 /* PhotoBeautify.app */,
				274FC8551E669E2200286B03 /* PhotoBeautifyTests.xctest */,
				274FC8601E669E2200286B03 /* PhotoBeautifyUITests.xctest */,
			);
			name = Products;
			sourceTree = "<group>";
		};
		274FC83E1E669E2200286B03 /* PhotoBeautify */ = {
			isa = PBXGroup;
			children = (
				274FC8801E6A455100286B03 /* PhotoBeautifyKit */,
				274FC8781E66A99900286B03 /* WidgetControllers */,
				274FC8741E66A95200286B03 /* ViewController */,
				274FC8421E669E2200286B03 /* AppDelegate.h */,
				274FC8431E669E2200286B03 /* AppDelegate.m */,
				274FC87F1E6A446000286B03 /* LDDefine.h */,
				274FC8481E669E2200286B03 /* Main.storyboard */,
				274FC84B1E669E2200286B03 /* Assets.xcassets */,
				274FC84D1E669E2200286B03 /* LaunchScreen.storyboard */,
				274FC8501E669E2200286B03 /* Info.plist */,
				274FC83F1E669E2200286B03 /* Supporting Files */,
			);
			path = PhotoBeautify;
			sourceTree = "<group>";
		};
		274FC83F1E669E2200286B03 /* Supporting Files */ = {
			isa = PBXGroup;
			children = (
				274FC8401E669E2200286B03 /* main.m */,
			);
			name = "Supporting Files";
			sourceTree = "<group>";
		};
		274FC8581E669E2200286B03 /* PhotoBeautifyTests */ = {
			isa = PBXGroup;
			children = (
				274FC8591E669E2200286B03 /* PhotoBeautifyTests.m */,
				274FC85B1E669E2200286B03 /* Info.plist */,
			);
			path = PhotoBeautifyTests;
			sourceTree = "<group>";
		};
		274FC8631E669E2200286B03 /* PhotoBeautifyUITests */ = {
			isa = PBXGroup;
			children = (
				274FC8641E669E2200286B03 /* PhotoBeautifyUITests.m */,
				274FC8661E669E2200286B03 /* Info.plist */,
			);
			path = PhotoBeautifyUITests;
			sourceTree = "<group>";
		};
		274FC8741E66A95200286B03 /* ViewController */ = {
			isa = PBXGroup;
			children = (
				274FC8751E66A95200286B03 /* EntranceViewController.h */,
				274FC8761E66A95200286B03 /* EntranceViewController.m */,
				274FC87C1E67E45100286B03 /* EditPhotoViewController.h */,
				274FC87D1E67E45100286B03 /* EditPhotoViewController.m */,
			);
			path = ViewController;
			sourceTree = "<group>";
		};
		274FC8781E66A99900286B03 /* WidgetControllers */ = {
			isa = PBXGroup;
			children = (
				274FC8791E66A9E300286B03 /* PBIconButton.h */,
				274FC87A1E66A9E300286B03 /* PBIconButton.m */,
			);
			path = WidgetControllers;
			sourceTree = "<group>";
		};
		274FC8801E6A455100286B03 /* PhotoBeautifyKit */ = {
			isa = PBXGroup;
			children = (
				27938FB91E72411D0039868B /* Category */,
				27938FB11E7159470039868B /* Bubble */,
				27938FB21E7159470039868B /* Sticker */,
				274FC8811E6A455100286B03 /* Filter */,
				274FC8821E6A9F0B00286B03 /* EditPhotoToolBarItem.h */,
				274FC8831E6A9F0B00286B03 /* EditPhotoToolBarItem.m */,
			);
			path = PhotoBeautifyKit;
			sourceTree = "<group>";
		};
		274FC8811E6A455100286B03 /* Filter */ = {
			isa = PBXGroup;
			children = (
				27938FAE1E6EDF8A0039868B /* FilterPickerViewController.h */,
				27938FAF1E6EDF8A0039868B /* FilterPickerViewController.m */,
			);
			path = Filter;
			sourceTree = "<group>";
		};
		27938FB11E7159470039868B /* Bubble */ = {
			isa = PBXGroup;
			children = (
				27938FB31E71596F0039868B /* BubblePickerViewController.h */,
				27938FB41E71596F0039868B /* BubblePickerViewController.m */,
			);
			path = Bubble;
			sourceTree = "<group>";
		};
		27938FB21E7159470039868B /* Sticker */ = {
			isa = PBXGroup;
			children = (
				27938FB61E7159810039868B /* StickerPickerViewController.h */,
				27938FB71E7159810039868B /* StickerPickerViewController.m */,
			);
			path = Sticker;
			sourceTree = "<group>";
		};
		27938FB91E72411D0039868B /* Category */ = {
			isa = PBXGroup;
			children = (
				27938FBA1E7241650039868B /* UIImage+AddAsset.h */,
				27938FBB1E7241650039868B /* UIImage+AddAsset.m */,
			);
			path = Category;
			sourceTree = "<group>";
		};
		A5AC736345071D986E7C482C /* Pods */ = {
			isa = PBXGroup;
			children = (
				80B3D8C0C003021DE50F38B6 /* Pods.debug.xcconfig */,
				83DCA5B2DC025419F0321367 /* Pods.release.xcconfig */,
			);
			name = Pods;
			sourceTree = "<group>";
		};
		CA7283262F2D56A36DC853CD /* Frameworks */ = {
			isa = PBXGroup;
			children = (
				82012913C0722EC90E194210 /* libPods.a */,
			);
			name = Frameworks;
			sourceTree = "<group>";
		};
/* End PBXGroup section */

/* Begin PBXNativeTarget section */
		274FC83B1E669E2200286B03 /* PhotoBeautify */ = {
			isa = PBXNativeTarget;
			buildConfigurationList = 274FC8691E669E2200286B03 /* Build configuration list for PBXNativeTarget "PhotoBeautify" */;
			buildPhases = (
				30603242BD08EB61063F4626 /* Check Pods Manifest.lock */,
				274FC8381E669E2200286B03 /* Sources */,
				274FC8391E669E2200286B03 /* Frameworks */,
				274FC83A1E669E2200286B03 /* Resources */,
				B39FC0330D3A07BC5B20381B /* Embed Pods Frameworks */,
				548F78025A2D5BBB28B9A44E /* Copy Pods Resources */,
			);
			buildRules = (
			);
			dependencies = (
			);
			name = PhotoBeautify;
			productName = PhotoBeautify;
			productReference = 274FC83C1E669E2200286B03 /* PhotoBeautify.app */;
			productType = "com.apple.product-type.application";
		};
		274FC8541E669E2200286B03 /* PhotoBeautifyTests */ = {
			isa = PBXNativeTarget;
			buildConfigurationList = 274FC86C1E669E2200286B03 /* Build configuration list for PBXNativeTarget "PhotoBeautifyTests" */;
			buildPhases = (
				274FC8511E669E2200286B03 /* Sources */,
				274FC8521E669E2200286B03 /* Frameworks */,
				274FC8531E669E2200286B03 /* Resources */,
			);
			buildRules = (
			);
			dependencies = (
				274FC8571E669E2200286B03 /* PBXTargetDependency */,
			);
			name = PhotoBeautifyTests;
			productName = PhotoBeautifyTests;
			productReference = 274FC8551E669E2200286B03 /* PhotoBeautifyTests.xctest */;
			productType = "com.apple.product-type.bundle.unit-test";
		};
		274FC85F1E669E2200286B03 /* PhotoBeautifyUITests */ = {
			isa = PBXNativeTarget;
			buildConfigurationList = 274FC86F1E669E2200286B03 /* Build configuration list for PBXNativeTarget "PhotoBeautifyUITests" */;
			buildPhases = (
				274FC85C1E669E2200286B03 /* Sources */,
				274FC85D1E669E2200286B03 /* Frameworks */,
				274FC85E1E669E2200286B03 /* Resources */,
			);
			buildRules = (
			);
			dependencies = (
				274FC8621E669E2200286B03 /* PBXTargetDependency */,
			);
			name = PhotoBeautifyUITests;
			productName = PhotoBeautifyUITests;
			productReference = 274FC8601E669E2200286B03 /* PhotoBeautifyUITests.xctest */;
			productType = "com.apple.product-type.bundle.ui-testing";
		};
/* End PBXNativeTarget section */

/* Begin PBXProject section */
		274FC8341E669E2200286B03 /* Project object */ = {
			isa = PBXProject;
			attributes = {
				LastUpgradeCheck = 0820;
				ORGANIZATIONNAME = GJ;
				TargetAttributes = {
					274FC83B1E669E2200286B03 = {
						CreatedOnToolsVersion = 8.2;
						DevelopmentTeam = VQHS8XG8LG;
						ProvisioningStyle = Automatic;
					};
					274FC8541E669E2200286B03 = {
						CreatedOnToolsVersion = 8.2;
						DevelopmentTeam = VQHS8XG8LG;
						ProvisioningStyle = Automatic;
						TestTargetID = 274FC83B1E669E2200286B03;
					};
					274FC85F1E669E2200286B03 = {
						CreatedOnToolsVersion = 8.2;
						DevelopmentTeam = VQHS8XG8LG;
						ProvisioningStyle = Automatic;
						TestTargetID = 274FC83B1E669E2200286B03;
					};
				};
			};
			buildConfigurationList = 274FC8371E669E2200286B03 /* Build configuration list for PBXProject "PhotoBeautify" */;
			compatibilityVersion = "Xcode 3.2";
			developmentRegion = English;
			hasScannedForEncodings = 0;
			knownRegions = (
				en,
				Base,
			);
			mainGroup = 274FC8331E669E2200286B03;
			productRefGroup = 274FC83D1E669E2200286B03 /* Products */;
			projectDirPath = "";
			projectRoot = "";
			targets = (
				274FC83B1E669E2200286B03 /* PhotoBeautify */,
				274FC8541E669E2200286B03 /* PhotoBeautifyTests */,
				274FC85F1E669E2200286B03 /* PhotoBeautifyUITests */,
			);
		};
/* End PBXProject section */

/* Begin PBXResourcesBuildPhase section */
		274FC83A1E669E2200286B03 /* Resources */ = {
			isa = PBXResourcesBuildPhase;
			buildActionMask = 2147483647;
			files = (
				274FC84F1E669E2200286B03 /* LaunchScreen.storyboard in Resources */,
				274FC84C1E669E2200286B03 /* Assets.xcassets in Resources */,
				274FC84A1E669E2200286B03 /* Main.storyboard in Resources */,
			);
			runOnlyForDeploymentPostprocessing = 0;
		};
		274FC8531E669E2200286B03 /* Resources */ = {
			isa = PBXResourcesBuildPhase;
			buildActionMask = 2147483647;
			files = (
			);
			runOnlyForDeploymentPostprocessing = 0;
		};
		274FC85E1E669E2200286B03 /* Resources */ = {
			isa = PBXResourcesBuildPhase;
			buildActionMask = 2147483647;
			files = (
			);
			runOnlyForDeploymentPostprocessing = 0;
		};
/* End PBXResourcesBuildPhase section */

/* Begin PBXShellScriptBuildPhase section */
		30603242BD08EB61063F4626 /* Check Pods Manifest.lock */ = {
			isa = PBXShellScriptBuildPhase;
			buildActionMask = 2147483647;
			files = (
			);
			inputPaths = (
			);
			name = "Check Pods Manifest.lock";
			outputPaths = (
			);
			runOnlyForDeploymentPostprocessing = 0;
			shellPath = /bin/sh;
			shellScript = "diff \"${PODS_ROOT}/../Podfile.lock\" \"${PODS_ROOT}/Manifest.lock\" > /dev/null\nif [[ $? != 0 ]] ; then\n    cat << EOM\nerror: The sandbox is not in sync with the Podfile.lock. Run 'pod install' or update your CocoaPods installation.\nEOM\n    exit 1\nfi\n";
			showEnvVarsInLog = 0;
		};
		548F78025A2D5BBB28B9A44E /* Copy Pods Resources */ = {
			isa = PBXShellScriptBuildPhase;
			buildActionMask = 2147483647;
			files = (
			);
			inputPaths = (
			);
			name = "Copy Pods Resources";
			outputPaths = (
			);
			runOnlyForDeploymentPostprocessing = 0;
			shellPath = /bin/sh;
			shellScript = "\"${SRCROOT}/Pods/Target Support Files/Pods/Pods-resources.sh\"\n";
			showEnvVarsInLog = 0;
		};
		B39FC0330D3A07BC5B20381B /* Embed Pods Frameworks */ = {
			isa = PBXShellScriptBuildPhase;
			buildActionMask = 2147483647;
			files = (
			);
			inputPaths = (
			);
			name = "Embed Pods Frameworks";
			outputPaths = (
			);
			runOnlyForDeploymentPostprocessing = 0;
			shellPath = /bin/sh;
			shellScript = "\"${SRCROOT}/Pods/Target Support Files/Pods/Pods-frameworks.sh\"\n";
			showEnvVarsInLog = 0;
		};
/* End PBXShellScriptBuildPhase section */

/* Begin PBXSourcesBuildPhase section */
		274FC8381E669E2200286B03 /* Sources */ = {
			isa = PBXSourcesBuildPhase;
			buildActionMask = 2147483647;
			files = (
				27938FB51E71596F0039868B /* BubblePickerViewController.m in Sources */,
				274FC87B1E66A9E300286B03 /* PBIconButton.m in Sources */,
				27938FB01E6EDF8A0039868B /* FilterPickerViewController.m in Sources */,
				274FC8441E669E2200286B03 /* AppDelegate.m in Sources */,
				27938FB81E7159810039868B /* StickerPickerViewController.m in Sources */,
				274FC87E1E67E45100286B03 /* EditPhotoViewController.m in Sources */,
				27938FBC1E7241650039868B /* UIImage+AddAsset.m in Sources */,
				274FC8411E669E2200286B03 /* main.m in Sources */,
				274FC8771E66A95200286B03 /* EntranceViewController.m in Sources */,
				274FC8841E6A9F0C00286B03 /* EditPhotoToolBarItem.m in Sources */,
			);
			runOnlyForDeploymentPostprocessing = 0;
		};
		274FC8511E669E2200286B03 /* Sources */ = {
			isa = PBXSourcesBuildPhase;
			buildActionMask = 2147483647;
			files = (
				274FC85A1E669E2200286B03 /* PhotoBeautifyTests.m in Sources */,
			);
			runOnlyForDeploymentPostprocessing = 0;
		};
		274FC85C1E669E2200286B03 /* Sources */ = {
			isa = PBXSourcesBuildPhase;
			buildActionMask = 2147483647;
			files = (
				274FC8651E669E2200286B03 /* PhotoBeautifyUITests.m in Sources */,
			);
			runOnlyForDeploymentPostprocessing = 0;
		};
/* End PBXSourcesBuildPhase section */

/* Begin PBXTargetDependency section */
		274FC8571E669E2200286B03 /* PBXTargetDependency */ = {
			isa = PBXTargetDependency;
			target = 274FC83B1E669E2200286B03 /* PhotoBeautify */;
			targetProxy = 274FC8561E669E2200286B03 /* PBXContainerItemProxy */;
		};
		274FC8621E669E2200286B03 /* PBXTargetDependency */ = {
			isa = PBXTargetDependency;
			target = 274FC83B1E669E2200286B03 /* PhotoBeautify */;
			targetProxy = 274FC8611E669E2200286B03 /* PBXContainerItemProxy */;
		};
/* End PBXTargetDependency section */

/* Begin PBXVariantGroup section */
		274FC8481E669E2200286B03 /* Main.storyboard */ = {
			isa = PBXVariantGroup;
			children = (
				274FC8491E669E2200286B03 /* Base */,
			);
			name = Main.storyboard;
			sourceTree = "<group>";
		};
		274FC84D1E669E2200286B03 /* LaunchScreen.storyboard */ = {
			isa = PBXVariantGroup;
			children = (
				274FC84E1E669E2200286B03 /* Base */,
			);
			name = LaunchScreen.storyboard;
			sourceTree = "<group>";
		};
/* End PBXVariantGroup section */

/* Begin XCBuildConfiguration section */
		274FC8671E669E2200286B03 /* Debug */ = {
			isa = XCBuildConfiguration;
			buildSettings = {
				ALWAYS_SEARCH_USER_PATHS = NO;
				CLANG_ANALYZER_NONNULL = YES;
				CLANG_CXX_LANGUAGE_STANDARD = "gnu++0x";
				CLANG_CXX_LIBRARY = "libc++";
				CLANG_ENABLE_MODULES = YES;
				CLANG_ENABLE_OBJC_ARC = YES;
				CLANG_WARN_BOOL_CONVERSION = YES;
				CLANG_WARN_CONSTANT_CONVERSION = YES;
				CLANG_WARN_DIRECT_OBJC_ISA_USAGE = YES_ERROR;
				CLANG_WARN_DOCUMENTATION_COMMENTS = YES;
				CLANG_WARN_EMPTY_BODY = YES;
				CLANG_WARN_ENUM_CONVERSION = YES;
				CLANG_WARN_INFINITE_RECURSION = YES;
				CLANG_WARN_INT_CONVERSION = YES;
				CLANG_WARN_OBJC_ROOT_CLASS = YES_ERROR;
				CLANG_WARN_SUSPICIOUS_MOVE = YES;
				CLANG_WARN_UNREACHABLE_CODE = YES;
				CLANG_WARN__DUPLICATE_METHOD_MATCH = YES;
				"CODE_SIGN_IDENTITY[sdk=iphoneos*]" = "iPhone Developer";
				COPY_PHASE_STRIP = NO;
				DEBUG_INFORMATION_FORMAT = dwarf;
				ENABLE_STRICT_OBJC_MSGSEND = YES;
				ENABLE_TESTABILITY = YES;
				GCC_C_LANGUAGE_STANDARD = gnu99;
				GCC_DYNAMIC_NO_PIC = NO;
				GCC_NO_COMMON_BLOCKS = YES;
				GCC_OPTIMIZATION_LEVEL = 0;
				GCC_PREPROCESSOR_DEFINITIONS = (
					"DEBUG=1",
					"$(inherited)",
				);
				GCC_WARN_64_TO_32_BIT_CONVERSION = YES;
				GCC_WARN_ABOUT_RETURN_TYPE = YES_ERROR;
				GCC_WARN_UNDECLARED_SELECTOR = YES;
				GCC_WARN_UNINITIALIZED_AUTOS = YES_AGGRESSIVE;
				GCC_WARN_UNUSED_FUNCTION = YES;
				GCC_WARN_UNUSED_VARIABLE = YES;
				IPHONEOS_DEPLOYMENT_TARGET = 10.2;
				MTL_ENABLE_DEBUG_INFO = YES;
				ONLY_ACTIVE_ARCH = YES;
				SDKROOT = iphoneos;
			};
			name = Debug;
		};
		274FC8681E669E2200286B03 /* Release */ = {
			isa = XCBuildConfiguration;
			buildSettings = {
				ALWAYS_SEARCH_USER_PATHS = NO;
				CLANG_ANALYZER_NONNULL = YES;
				CLANG_CXX_LANGUAGE_STANDARD = "gnu++0x";
				CLANG_CXX_LIBRARY = "libc++";
				CLANG_ENABLE_MODULES = YES;
				CLANG_ENABLE_OBJC_ARC = YES;
				CLANG_WARN_BOOL_CONVERSION = YES;
				CLANG_WARN_CONSTANT_CONVERSION = YES;
				CLANG_WARN_DIRECT_OBJC_ISA_USAGE = YES_ERROR;
				CLANG_WARN_DOCUMENTATION_COMMENTS = YES;
				CLANG_WARN_EMPTY_BODY = YES;
				CLANG_WARN_ENUM_CONVERSION = YES;
				CLANG_WARN_INFINITE_RECURSION = YES;
				CLANG_WARN_INT_CONVERSION = YES;
				CLANG_WARN_OBJC_ROOT_CLASS = YES_ERROR;
				CLANG_WARN_SUSPICIOUS_MOVE = YES;
				CLANG_WARN_UNREACHABLE_CODE = YES;
				CLANG_WARN__DUPLICATE_METHOD_MATCH = YES;
				"CODE_SIGN_IDENTITY[sdk=iphoneos*]" = "iPhone Developer";
				COPY_PHASE_STRIP = NO;
				DEBUG_INFORMATION_FORMAT = "dwarf-with-dsym";
				ENABLE_NS_ASSERTIONS = NO;
				ENABLE_STRICT_OBJC_MSGSEND = YES;
				GCC_C_LANGUAGE_STANDARD = gnu99;
				GCC_NO_COMMON_BLOCKS = YES;
				GCC_WARN_64_TO_32_BIT_CONVERSION = YES;
				GCC_WARN_ABOUT_RETURN_TYPE = YES_ERROR;
				GCC_WARN_UNDECLARED_SELECTOR = YES;
				GCC_WARN_UNINITIALIZED_AUTOS = YES_AGGRESSIVE;
				GCC_WARN_UNUSED_FUNCTION = YES;
				GCC_WARN_UNUSED_VARIABLE = YES;
				IPHONEOS_DEPLOYMENT_TARGET = 10.2;
				MTL_ENABLE_DEBUG_INFO = NO;
				SDKROOT = iphoneos;
				VALIDATE_PRODUCT = YES;
			};
			name = Release;
		};
		274FC86A1E669E2200286B03 /* Debug */ = {
			isa = XCBuildConfiguration;
			baseConfigurationReference = 80B3D8C0C003021DE50F38B6 /* Pods.debug.xcconfig */;
			buildSettings = {
				ASSETCATALOG_COMPILER_APPICON_NAME = AppIcon;
				DEVELOPMENT_TEAM = VQHS8XG8LG;
				INFOPLIST_FILE = PhotoBeautify/Info.plist;
				LD_RUNPATH_SEARCH_PATHS = "$(inherited) @executable_path/Frameworks";
				PRODUCT_BUNDLE_IDENTIFIER = com.gj.PhotoBeautify;
				PRODUCT_NAME = "$(TARGET_NAME)";
			};
			name = Debug;
		};
		274FC86B1E669E2200286B03 /* Release */ = {
			isa = XCBuildConfiguration;
			baseConfigurationReference = 83DCA5B2DC025419F0321367 /* Pods.release.xcconfig */;
			buildSettings = {
				ASSETCATALOG_COMPILER_APPICON_NAME = AppIcon;
				DEVELOPMENT_TEAM = VQHS8XG8LG;
				INFOPLIST_FILE = PhotoBeautify/Info.plist;
				LD_RUNPATH_SEARCH_PATHS = "$(inherited) @executable_path/Frameworks";
				PRODUCT_BUNDLE_IDENTIFIER = com.gj.PhotoBeautify;
				PRODUCT_NAME = "$(TARGET_NAME)";
			};
			name = Release;
		};
		274FC86D1E669E2200286B03 /* Debug */ = {
			isa = XCBuildConfiguration;
			buildSettings = {
				BUNDLE_LOADER = "$(TEST_HOST)";
				DEVELOPMENT_TEAM = VQHS8XG8LG;
				INFOPLIST_FILE = PhotoBeautifyTests/Info.plist;
				LD_RUNPATH_SEARCH_PATHS = "$(inherited) @executable_path/Frameworks @loader_path/Frameworks";
				PRODUCT_BUNDLE_IDENTIFIER = com.gj.PhotoBeautifyTests;
				PRODUCT_NAME = "$(TARGET_NAME)";
				TEST_HOST = "$(BUILT_PRODUCTS_DIR)/PhotoBeautify.app/PhotoBeautify";
			};
			name = Debug;
		};
		274FC86E1E669E2200286B03 /* Release */ = {
			isa = XCBuildConfiguration;
			buildSettings = {
				BUNDLE_LOADER = "$(TEST_HOST)";
				DEVELOPMENT_TEAM = VQHS8XG8LG;
				INFOPLIST_FILE = PhotoBeautifyTests/Info.plist;
				LD_RUNPATH_SEARCH_PATHS = "$(inherited) @executable_path/Frameworks @loader_path/Frameworks";
				PRODUCT_BUNDLE_IDENTIFIER = com.gj.PhotoBeautifyTests;
				PRODUCT_NAME = "$(TARGET_NAME)";
				TEST_HOST = "$(BUILT_PRODUCTS_DIR)/PhotoBeautify.app/PhotoBeautify";
			};
			name = Release;
		};
		274FC8701E669E2200286B03 /* Debug */ = {
			isa = XCBuildConfiguration;
			buildSettings = {
				DEVELOPMENT_TEAM = VQHS8XG8LG;
				INFOPLIST_FILE = PhotoBeautifyUITests/Info.plist;
				LD_RUNPATH_SEARCH_PATHS = "$(inherited) @executable_path/Frameworks @loader_path/Frameworks";
				PRODUCT_BUNDLE_IDENTIFIER = com.gj.PhotoBeautifyUITests;
				PRODUCT_NAME = "$(TARGET_NAME)";
				TEST_TARGET_NAME = PhotoBeautify;
			};
			name = Debug;
		};
		274FC8711E669E2200286B03 /* Release */ = {
			isa = XCBuildConfiguration;
			buildSettings = {
				DEVELOPMENT_TEAM = VQHS8XG8LG;
				INFOPLIST_FILE = PhotoBeautifyUITests/Info.plist;
				LD_RUNPATH_SEARCH_PATHS = "$(inherited) @executable_path/Frameworks @loader_path/Frameworks";
				PRODUCT_BUNDLE_IDENTIFIER = com.gj.PhotoBeautifyUITests;
				PRODUCT_NAME = "$(TARGET_NAME)";
				TEST_TARGET_NAME = PhotoBeautify;
			};
			name = Release;
		};
/* End XCBuildConfiguration section */

/* Begin XCConfigurationList section */
		274FC8371E669E2200286B03 /* Build configuration list for PBXProject "PhotoBeautify" */ = {
			isa = XCConfigurationList;
			buildConfigurations = (
				274FC8671E669E2200286B03 /* Debug */,
				274FC8681E669E2200286B03 /* Release */,
			);
			defaultConfigurationIsVisible = 0;
			defaultConfigurationName = Release;
		};
		274FC8691E669E2200286B03 /* Build configuration list for PBXNativeTarget "PhotoBeautify" */ = {
			isa = XCConfigurationList;
			buildConfigurations = (
				274FC86A1E669E2200286B03 /* Debug */,
				274FC86B1E669E2200286B03 /* Release */,
			);
			defaultConfigurationIsVisible = 0;
			defaultConfigurationName = Release;
		};
		274FC86C1E669E2200286B03 /* Build configuration list for PBXNativeTarget "PhotoBeautifyTests" */ = {
			isa = XCConfigurationList;
			buildConfigurations = (
				274FC86D1E669E2200286B03 /* Debug */,
				274FC86E1E669E2200286B03 /* Release */,
			);
			defaultConfigurationIsVisible = 0;
			defaultConfigurationName = Release;
		};
		274FC86F1E669E2200286B03 /* Build configuration list for PBXNativeTarget "PhotoBeautifyUITests" */ = {
			isa = XCConfigurationList;
			buildConfigurations = (
				274FC8701E669E2200286B03 /* Debug */,
				274FC8711E669E2200286B03 /* Release */,
			);
			defaultConfigurationIsVisible = 0;
			defaultConfigurationName = Release;
		};
/* End XCConfigurationList section */
	};
	rootObject = 274FC8341E669E2200286B03 /* Project object */;
}
